{"version":4,"terraform_version":"1.10.6","serial":3,"lineage":"488bb1bd-119f-056e-c2e3-8bae7d05fca7","outputs":{},"resources":[{"mode":"managed","type":"kubernetes_secret","name":"mariadb_secret","provider":"provider[\"registry.opentofu.org/hashicorp/kubernetes\"]","instances":[{"schema_version":0,"attributes":{"binary_data":null,"binary_data_wo":null,"binary_data_wo_revision":null,"data":{"mariadb-password":"c2lza2FtYXJpYWRi"},"data_wo":null,"data_wo_revision":null,"id":"default/mariadb-secret","immutable":false,"metadata":[{"annotations":null,"generate_name":"","generation":0,"labels":null,"name":"mariadb-secret","namespace":"default","resource_version":"18521","uid":"74e844ec-84bb-4ab1-abc9-d2cd84fbf6aa"}],"timeouts":null,"type":"Opaque","wait_for_service_account_token":true},"sensitive_attributes":[[{"type":"get_attr","value":"binary_data"}],[{"type":"get_attr","value":"data"}]],"private":"eyJlMmJmYjczMC1lY2FhLTExZTYtOGY4OC0zNDM2M2JjN2M0YzAiOnsiY3JlYXRlIjo2MDAwMDAwMDAwMH19"}]}],"check_results":null}
