{"version":4,"terraform_version":"1.10.6","serial":9,"lineage":"08a49a23-a2cd-24e9-6d73-2d2bb5db7d2f","outputs":{},"resources":[{"mode":"managed","type":"kubernetes_config_map","name":"mariadb_config","provider":"provider[\"registry.opentofu.org/hashicorp/kubernetes\"]","instances":[{"schema_version":0,"attributes":{"binary_data":{},"data":{"my.cnf":"[mysqld]\nmax_connections        = 200\ninnodb_buffer_pool_size = 256M\ninnodb_log_file_size    = 128M\n"},"id":"mariadb/mariadb-config","immutable":false,"metadata":[{"annotations":{},"generate_name":"","generation":0,"labels":{},"name":"mariadb-config","namespace":"mariadb","resource_version":"54019","uid":"9b1cfa97-f79f-40bc-83cd-3fea10958430"}]},"sensitive_attributes":[],"private":"bnVsbA==","dependencies":["kubernetes_namespace.mariadb_ns"]}]},{"mode":"managed","type":"kubernetes_config_map","name":"nginx_config","provider":"provider[\"registry.opentofu.org/hashicorp/kubernetes\"]","instances":[{"schema_version":0,"attributes":{"binary_data":{},"data":{"default.conf":"server {\n    listen 80;\n    server_name localhost;\n\n    location / {\n        root /usr/share/nginx/html;\n        index index.html index.htm;\n    }\n\n    location /status {\n        stub_status;\n        allow 127.0.0.1;\n        deny all;\n    }\n}\n"},"id":"nginx/nginx-config","immutable":false,"metadata":[{"annotations":{},"generate_name":"","generation":0,"labels":{},"name":"nginx-config","namespace":"nginx","resource_version":"54002","uid":"9f37e8e8-ddae-41b2-a6f5-42bdcdf09c79"}]},"sensitive_attributes":[],"private":"bnVsbA==","dependencies":["kubernetes_namespace.nginx_ns"]}]},{"mode":"managed","type":"kubernetes_config_map","name":"wordpress_config","provider":"provider[\"registry.opentofu.org/hashicorp/kubernetes\"]","instances":[{"schema_version":0,"attributes":{"binary_data":{},"data":{"WORDPRESS_DEBUG":"false"},"id":"wordpress/wordpress-config","immutable":false,"metadata":[{"annotations":{},"generate_name":"","generation":0,"labels":{},"name":"wordpress-config","namespace":"wordpress","resource_version":"54000","uid":"e24d009f-748d-4e32-8bfa-17e968d7e332"}]},"sensitive_attributes":[],"private":"bnVsbA==","dependencies":["kubernetes_namespace.wordpress_ns"]}]},{"mode":"managed","type":"kubernetes_deployment","name":"mariadb","provider":"provider[\"registry.opentofu.org/hashicorp/kubernetes\"]","instances":[{"schema_version":1,"attributes":{"id":"mariadb/mariadb","metadata":[{"annotations":{},"generate_name":"","generation":1,"labels":{},"name":"mariadb","namespace":"mariadb","resource_version":"55141","uid":"16e1939c-9215-44da-a318-80093f840bf2"}],"spec":[{"min_ready_seconds":0,"paused":false,"progress_deadline_seconds":600,"replicas":"1","revision_history_limit":10,"selector":[{"match_expressions":[],"match_labels":{"app":"mariadb"}}],"strategy":[{"rolling_update":[{"max_surge":"25%","max_unavailable":"25%"}],"type":"RollingUpdate"}],"template":[{"metadata":[{"annotations":{},"generate_name":"","generation":0,"labels":{"app":"mariadb"},"name":"","namespace":"","resource_version":"","uid":""}],"spec":[{"active_deadline_seconds":0,"affinity":[],"automount_service_account_token":true,"container":[{"args":[],"command":[],"env":[{"name":"MARIADB_ROOT_PASSWORD","value":"","value_from":[{"config_map_key_ref":[],"field_ref":[],"resource_field_ref":[],"secret_key_ref":[{"key":"mariadb-password","name":"mariadb-secret","optional":false}]}]},{"name":"MARIADB_DATABASE","value":"wordpress","value_from":[]}],"env_from":[],"image":"mariadb:latest","image_pull_policy":"Always","lifecycle":[],"liveness_probe":[],"name":"mariadb","port":[{"container_port":3306,"host_ip":"","host_port":0,"name":"","protocol":"TCP"}],"readiness_probe":[],"resources":[{"limits":{},"requests":{}}],"security_context":[],"startup_probe":[],"stdin":false,"stdin_once":false,"termination_message_path":"/dev/termination-log","termination_message_policy":"File","tty":false,"volume_device":[],"volume_mount":[{"mount_path":"/var/lib/mysql","mount_propagation":"None","name":"mariadb-storage","read_only":false,"sub_path":"","sub_path_expr":""}],"working_dir":""}],"dns_config":[],"dns_policy":"ClusterFirst","enable_service_links":true,"host_aliases":[],"host_ipc":false,"host_network":false,"host_pid":false,"hostname":"","image_pull_secrets":[],"init_container":[],"node_name":"","node_selector":{},"os":[],"priority_class_name":"","readiness_gate":[],"restart_policy":"Always","runtime_class_name":"","scheduler_name":"default-scheduler","security_context":[],"service_account_name":"mariadb-sa","share_process_namespace":false,"subdomain":"","termination_grace_period_seconds":30,"toleration":[],"topology_spread_constraint":[],"volume":[{"aws_elastic_block_store":[],"azure_disk":[],"azure_file":[],"ceph_fs":[],"cinder":[],"config_map":[],"csi":[],"downward_api":[],"empty_dir":[],"ephemeral":[],"fc":[],"flex_volume":[],"flocker":[],"gce_persistent_disk":[],"git_repo":[],"glusterfs":[],"host_path":[],"iscsi":[],"local":[],"name":"mariadb-storage","nfs":[],"persistent_volume_claim":[{"claim_name":"mariadb-pvc","read_only":false}],"photon_persistent_disk":[],"projected":[],"quobyte":[],"rbd":[],"secret":[],"vsphere_volume":[]}]}]}]}],"timeouts":null,"wait_for_rollout":true},"sensitive_attributes":[],"private":"eyJlMmJmYjczMC1lY2FhLTExZTYtOGY4OC0zNDM2M2JjN2M0YzAiOnsiY3JlYXRlIjo2MDAwMDAwMDAwMDAsImRlbGV0ZSI6NjAwMDAwMDAwMDAwLCJ1cGRhdGUiOjYwMDAwMDAwMDAwMH0sInNjaGVtYV92ZXJzaW9uIjoiMSJ9","dependencies":["kubernetes_namespace.mariadb_ns","kubernetes_persistent_volume_claim.mariadb_pvc","kubernetes_service_account.mariadb_sa"]}]},{"mode":"managed","type":"kubernetes_deployment","name":"nginx_deploy","provider":"provider[\"registry.opentofu.org/hashicorp/kubernetes\"]","instances":[{"schema_version":1,"attributes":{"id":"nginx/nginx","metadata":[{"annotations":{},"generate_name":"","generation":1,"labels":{},"name":"nginx","namespace":"nginx","resource_version":"54101","uid":"03a851a4-3d14-456c-8a37-790f4cf99b63"}],"spec":[{"min_ready_seconds":0,"paused":false,"progress_deadline_seconds":600,"replicas":"2","revision_history_limit":10,"selector":[{"match_expressions":[],"match_labels":{"app":"nginx"}}],"strategy":[{"rolling_update":[{"max_surge":"25%","max_unavailable":"25%"}],"type":"RollingUpdate"}],"template":[{"metadata":[{"annotations":{},"generate_name":"","generation":0,"labels":{"app":"nginx"},"name":"","namespace":"","resource_version":"","uid":""}],"spec":[{"active_deadline_seconds":0,"affinity":[],"automount_service_account_token":true,"container":[{"args":[],"command":[],"env":[],"env_from":[],"image":"nginx:latest","image_pull_policy":"Always","lifecycle":[],"liveness_probe":[],"name":"nginx","port":[{"container_port":80,"host_ip":"","host_port":0,"name":"","protocol":"TCP"}],"readiness_probe":[],"resources":[{"limits":{},"requests":{}}],"security_context":[],"startup_probe":[],"stdin":false,"stdin_once":false,"termination_message_path":"/dev/termination-log","termination_message_policy":"File","tty":false,"volume_device":[],"volume_mount":[{"mount_path":"/etc/nginx/conf.d","mount_propagation":"None","name":"nginx-config-volume","read_only":false,"sub_path":"","sub_path_expr":""}],"working_dir":""}],"dns_config":[],"dns_policy":"ClusterFirst","enable_service_links":true,"host_aliases":[],"host_ipc":false,"host_network":false,"host_pid":false,"hostname":"","image_pull_secrets":[],"init_container":[],"node_name":"","node_selector":{},"os":[],"priority_class_name":"","readiness_gate":[],"restart_policy":"Always","runtime_class_name":"","scheduler_name":"default-scheduler","security_context":[],"service_account_name":"nginx-sa","share_process_namespace":false,"subdomain":"","termination_grace_period_seconds":30,"toleration":[],"topology_spread_constraint":[],"volume":[{"aws_elastic_block_store":[],"azure_disk":[],"azure_file":[],"ceph_fs":[],"cinder":[],"config_map":[{"default_mode":"0644","items":[],"name":"nginx-config","optional":false}],"csi":[],"downward_api":[],"empty_dir":[],"ephemeral":[],"fc":[],"flex_volume":[],"flocker":[],"gce_persistent_disk":[],"git_repo":[],"glusterfs":[],"host_path":[],"iscsi":[],"local":[],"name":"nginx-config-volume","nfs":[],"persistent_volume_claim":[],"photon_persistent_disk":[],"projected":[],"quobyte":[],"rbd":[],"secret":[],"vsphere_volume":[]}]}]}]}],"timeouts":null,"wait_for_rollout":true},"sensitive_attributes":[],"private":"eyJlMmJmYjczMC1lY2FhLTExZTYtOGY4OC0zNDM2M2JjN2M0YzAiOnsiY3JlYXRlIjo2MDAwMDAwMDAwMDAsImRlbGV0ZSI6NjAwMDAwMDAwMDAwLCJ1cGRhdGUiOjYwMDAwMDAwMDAwMH0sInNjaGVtYV92ZXJzaW9uIjoiMSJ9","dependencies":["kubernetes_config_map.nginx_config","kubernetes_namespace.nginx_ns","kubernetes_service_account.nginx_sa"]}]},{"mode":"managed","type":"kubernetes_deployment","name":"wordpress","provider":"provider[\"registry.opentofu.org/hashicorp/kubernetes\"]","instances":[{"schema_version":1,"attributes":{"id":"wordpress/wordpress","metadata":[{"annotations":{},"generate_name":"","generation":1,"labels":{},"name":"wordpress","namespace":"wordpress","resource_version":"55056","uid":"3e2f4462-5e81-413f-ad0f-57052419eba9"}],"spec":[{"min_ready_seconds":0,"paused":false,"progress_deadline_seconds":600,"replicas":"1","revision_history_limit":10,"selector":[{"match_expressions":[],"match_labels":{"app":"wordpress"}}],"strategy":[{"rolling_update":[{"max_surge":"25%","max_unavailable":"25%"}],"type":"RollingUpdate"}],"template":[{"metadata":[{"annotations":{},"generate_name":"","generation":0,"labels":{"app":"wordpress"},"name":"","namespace":"","resource_version":"","uid":""}],"spec":[{"active_deadline_seconds":0,"affinity":[],"automount_service_account_token":true,"container":[{"args":[],"command":[],"env":[{"name":"WORDPRESS_DB_HOST","value":"mariadb-service.mariadb.svc.cluster.local","value_from":[]},{"name":"WORDPRESS_DB_USER","value":"root","value_from":[]},{"name":"WORDPRESS_DB_PASSWORD","value":"","value_from":[{"config_map_key_ref":[],"field_ref":[],"resource_field_ref":[],"secret_key_ref":[{"key":"mariadb-password","name":"mariadb-secret","optional":false}]}]},{"name":"WORDPRESS_DB_NAME","value":"wordpress","value_from":[]}],"env_from":[],"image":"wordpress:latest","image_pull_policy":"Always","lifecycle":[],"liveness_probe":[],"name":"wordpress","port":[{"container_port":80,"host_ip":"","host_port":0,"name":"","protocol":"TCP"}],"readiness_probe":[],"resources":[{"limits":{},"requests":{}}],"security_context":[],"startup_probe":[],"stdin":false,"stdin_once":false,"termination_message_path":"/dev/termination-log","termination_message_policy":"File","tty":false,"volume_device":[],"volume_mount":[{"mount_path":"/var/www/html","mount_propagation":"None","name":"wordpress-storage","read_only":false,"sub_path":"","sub_path_expr":""}],"working_dir":""}],"dns_config":[],"dns_policy":"ClusterFirst","enable_service_links":true,"host_aliases":[],"host_ipc":false,"host_network":false,"host_pid":false,"hostname":"","image_pull_secrets":[],"init_container":[],"node_name":"","node_selector":{},"os":[],"priority_class_name":"","readiness_gate":[],"restart_policy":"Always","runtime_class_name":"","scheduler_name":"default-scheduler","security_context":[],"service_account_name":"wordpress-sa","share_process_namespace":false,"subdomain":"","termination_grace_period_seconds":30,"toleration":[],"topology_spread_constraint":[],"volume":[{"aws_elastic_block_store":[],"azure_disk":[],"azure_file":[],"ceph_fs":[],"cinder":[],"config_map":[],"csi":[],"downward_api":[],"empty_dir":[],"ephemeral":[],"fc":[],"flex_volume":[],"flocker":[],"gce_persistent_disk":[],"git_repo":[],"glusterfs":[],"host_path":[],"iscsi":[],"local":[],"name":"wordpress-storage","nfs":[],"persistent_volume_claim":[{"claim_name":"wordpress-pvc","read_only":false}],"photon_persistent_disk":[],"projected":[],"quobyte":[],"rbd":[],"secret":[],"vsphere_volume":[]}]}]}]}],"timeouts":null,"wait_for_rollout":true},"sensitive_attributes":[],"private":"eyJlMmJmYjczMC1lY2FhLTExZTYtOGY4OC0zNDM2M2JjN2M0YzAiOnsiY3JlYXRlIjo2MDAwMDAwMDAwMDAsImRlbGV0ZSI6NjAwMDAwMDAwMDAwLCJ1cGRhdGUiOjYwMDAwMDAwMDAwMH0sInNjaGVtYV92ZXJzaW9uIjoiMSJ9","dependencies":["kubernetes_namespace.wordpress_ns","kubernetes_service_account.wordpress_sa"]}]},{"mode":"managed","type":"kubernetes_namespace","name":"mariadb_ns","provider":"provider[\"registry.opentofu.org/hashicorp/kubernetes\"]","instances":[{"schema_version":0,"attributes":{"id":"mariadb","metadata":[{"annotations":{},"generate_name":"","generation":0,"labels":{},"name":"mariadb","resource_version":"53991","uid":"8569c23a-a8de-4978-9566-fd8551be8e7f"}],"timeouts":null,"wait_for_default_service_account":false},"sensitive_attributes":[],"private":"eyJlMmJmYjczMC1lY2FhLTExZTYtOGY4OC0zNDM2M2JjN2M0YzAiOnsiZGVsZXRlIjozMDAwMDAwMDAwMDB9fQ=="}]},{"mode":"managed","type":"kubernetes_namespace","name":"nginx_ns","provider":"provider[\"registry.opentofu.org/hashicorp/kubernetes\"]","instances":[{"schema_version":0,"attributes":{"id":"nginx","metadata":[{"annotations":{},"generate_name":"","generation":0,"labels":{},"name":"nginx","resource_version":"53992","uid":"9386317d-a4be-4c41-ad4f-bf8a6ea2b60e"}],"timeouts":null,"wait_for_default_service_account":false},"sensitive_attributes":[],"private":"eyJlMmJmYjczMC1lY2FhLTExZTYtOGY4OC0zNDM2M2JjN2M0YzAiOnsiZGVsZXRlIjozMDAwMDAwMDAwMDB9fQ=="}]},{"mode":"managed","type":"kubernetes_namespace","name":"wordpress_ns","provider":"provider[\"registry.opentofu.org/hashicorp/kubernetes\"]","instances":[{"schema_version":0,"attributes":{"id":"wordpress","metadata":[{"annotations":{},"generate_name":"","generation":0,"labels":{},"name":"wordpress","resource_version":"53990","uid":"6564a4de-f539-4749-a521-bc4cc0d7bb45"}],"timeouts":null,"wait_for_default_service_account":false},"sensitive_attributes":[],"private":"eyJlMmJmYjczMC1lY2FhLTExZTYtOGY4OC0zNDM2M2JjN2M0YzAiOnsiZGVsZXRlIjozMDAwMDAwMDAwMDB9fQ=="}]},{"mode":"managed","type":"kubernetes_persistent_volume_claim","name":"mariadb_pvc","provider":"provider[\"registry.opentofu.org/hashicorp/kubernetes\"]","instances":[{"schema_version":0,"attributes":{"id":"mariadb/mariadb-pvc","metadata":[{"annotations":{},"generate_name":"","generation":0,"labels":{},"name":"mariadb-pvc","namespace":"mariadb","resource_version":"55046","uid":"15c5fc6a-621a-4c14-835a-456f7c56e127"}],"spec":[{"access_modes":["ReadWriteOnce"],"resources":[{"limits":{},"requests":{"storage":"1Gi"}}],"selector":[],"storage_class_name":"standard","volume_mode":"Filesystem","volume_name":"pvc-15c5fc6a-621a-4c14-835a-456f7c56e127"}],"timeouts":null,"wait_until_bound":true},"sensitive_attributes":[],"private":"eyJlMmJmYjczMC1lY2FhLTExZTYtOGY4OC0zNDM2M2JjN2M0YzAiOnsiY3JlYXRlIjozMDAwMDAwMDAwMDB9fQ==","dependencies":["kubernetes_namespace.mariadb_ns"]}]},{"mode":"managed","type":"kubernetes_role","name":"mariadb_role","provider":"provider[\"registry.opentofu.org/hashicorp/kubernetes\"]","instances":[{"schema_version":0,"attributes":{"id":"mariadb/mariadb-role","metadata":[{"annotations":{},"generate_name":"","generation":0,"labels":{},"name":"mariadb-role","namespace":"mariadb","resource_version":"54005","uid":"d6a4235a-b7da-4817-a287-d659bb38d996"}],"rule":[{"api_groups":[""],"resource_names":["mariadb-secret"],"resources":["secrets"],"verbs":["get"]}]},"sensitive_attributes":[],"private":"bnVsbA==","dependencies":["kubernetes_namespace.mariadb_ns"]}]},{"mode":"managed","type":"kubernetes_role","name":"nginx_role","provider":"provider[\"registry.opentofu.org/hashicorp/kubernetes\"]","instances":[{"schema_version":0,"attributes":{"id":"nginx/nginx-role","metadata":[{"annotations":{},"generate_name":"","generation":0,"labels":{},"name":"nginx-role","namespace":"nginx","resource_version":"54007","uid":"e15580e8-8c7d-4b64-bd03-27a33a39b619"}],"rule":[{"api_groups":[""],"resource_names":[],"resources":["configmaps","secrets"],"verbs":["get","list","watch"]}]},"sensitive_attributes":[],"private":"bnVsbA==","dependencies":["kubernetes_namespace.nginx_ns"]}]},{"mode":"managed","type":"kubernetes_role","name":"wordpress_role","provider":"provider[\"registry.opentofu.org/hashicorp/kubernetes\"]","instances":[{"schema_version":0,"attributes":{"id":"wordpress/wordpress-role","metadata":[{"annotations":{},"generate_name":"","generation":0,"labels":{},"name":"wordpress-role","namespace":"wordpress","resource_version":"54001","uid":"97f0207e-1c3e-46d0-9acd-b3dce01ec3fc"}],"rule":[{"api_groups":[""],"resource_names":["mariadb-secret"],"resources":["secrets"],"verbs":["get"]}]},"sensitive_attributes":[],"private":"bnVsbA==","dependencies":["kubernetes_namespace.wordpress_ns"]}]},{"mode":"managed","type":"kubernetes_role_binding","name":"mariadb_binding","provider":"provider[\"registry.opentofu.org/hashicorp/kubernetes\"]","instances":[{"schema_version":0,"attributes":{"id":"mariadb/mariadb-binding","metadata":[{"annotations":{},"generate_name":"","generation":0,"labels":{},"name":"mariadb-binding","namespace":"mariadb","resource_version":"54026","uid":"5f85758e-64fe-4a66-88c0-10d98a3a8383"}],"role_ref":[{"api_group":"rbac.authorization.k8s.io","kind":"Role","name":"mariadb-role"}],"subject":[{"api_group":"","kind":"ServiceAccount","name":"mariadb-sa","namespace":"mariadb"}]},"sensitive_attributes":[],"private":"bnVsbA==","dependencies":["kubernetes_namespace.mariadb_ns","kubernetes_role.mariadb_role","kubernetes_service_account.mariadb_sa"]}]},{"mode":"managed","type":"kubernetes_role_binding","name":"nginx_binding","provider":"provider[\"registry.opentofu.org/hashicorp/kubernetes\"]","instances":[{"schema_version":0,"attributes":{"id":"nginx/nginx-binding","metadata":[{"annotations":{},"generate_name":"","generation":0,"labels":{},"name":"nginx-binding","namespace":"nginx","resource_version":"54020","uid":"afd2b543-6fa4-48c5-9f2a-1a6177d0d346"}],"role_ref":[{"api_group":"rbac.authorization.k8s.io","kind":"Role","name":"nginx-role"}],"subject":[{"api_group":"","kind":"ServiceAccount","name":"nginx-sa","namespace":"nginx"}]},"sensitive_attributes":[],"private":"bnVsbA==","dependencies":["kubernetes_namespace.nginx_ns","kubernetes_role.nginx_role","kubernetes_service_account.nginx_sa"]}]},{"mode":"managed","type":"kubernetes_role_binding","name":"wordpress_binding","provider":"provider[\"registry.opentofu.org/hashicorp/kubernetes\"]","instances":[{"schema_version":0,"attributes":{"id":"wordpress/wordpress-binding","metadata":[{"annotations":{},"generate_name":"","generation":0,"labels":{},"name":"wordpress-binding","namespace":"wordpress","resource_version":"54022","uid":"755c75f8-c346-47bc-b161-8308d2ccd60f"}],"role_ref":[{"api_group":"rbac.authorization.k8s.io","kind":"Role","name":"wordpress-role"}],"subject":[{"api_group":"","kind":"ServiceAccount","name":"wordpress-sa","namespace":"wordpress"}]},"sensitive_attributes":[],"private":"bnVsbA==","dependencies":["kubernetes_namespace.wordpress_ns","kubernetes_role.wordpress_role","kubernetes_service_account.wordpress_sa"]}]},{"mode":"managed","type":"kubernetes_secret","name":"mariadb_secret","provider":"provider[\"registry.opentofu.org/hashicorp/kubernetes\"]","instances":[{"schema_version":0,"attributes":{"binary_data":null,"binary_data_wo":null,"binary_data_wo_revision":null,"data":{"mariadb-password":"c2lza2FtYXJpYWRicGFzc3dk"},"data_wo":null,"data_wo_revision":null,"id":"mariadb/mariadb-secret","immutable":false,"metadata":[{"annotations":{},"generate_name":"","generation":0,"labels":{},"name":"mariadb-secret","namespace":"mariadb","resource_version":"54016","uid":"67e2b0e9-a6b4-4627-95fc-de63c3002c24"}],"timeouts":null,"type":"Opaque","wait_for_service_account_token":true},"sensitive_attributes":[[{"type":"get_attr","value":"binary_data"}],[{"type":"get_attr","value":"data"}]],"private":"eyJlMmJmYjczMC1lY2FhLTExZTYtOGY4OC0zNDM2M2JjN2M0YzAiOnsiY3JlYXRlIjo2MDAwMDAwMDAwMH19","dependencies":["kubernetes_namespace.mariadb_ns"]}]},{"mode":"managed","type":"kubernetes_secret","name":"mariadb_secret_in_wordpress","provider":"provider[\"registry.opentofu.org/hashicorp/kubernetes\"]","instances":[{"schema_version":0,"attributes":{"binary_data":null,"binary_data_wo":null,"binary_data_wo_revision":null,"data":{"mariadb-password":"c2lza2FtYXJpYWRicGFzc3dvcmQ="},"data_wo":null,"data_wo_revision":null,"id":"wordpress/mariadb-secret","immutable":false,"metadata":[{"annotations":{},"generate_name":"","generation":0,"labels":{},"name":"mariadb-secret","namespace":"wordpress","resource_version":"53999","uid":"7fc18dc9-75fc-41a6-82dd-531403e3e3ea"}],"timeouts":null,"type":"Opaque","wait_for_service_account_token":true},"sensitive_attributes":[[{"type":"get_attr","value":"binary_data"}],[{"type":"get_attr","value":"data"}]],"private":"eyJlMmJmYjczMC1lY2FhLTExZTYtOGY4OC0zNDM2M2JjN2M0YzAiOnsiY3JlYXRlIjo2MDAwMDAwMDAwMH19","dependencies":["kubernetes_namespace.wordpress_ns"]}]},{"mode":"managed","type":"kubernetes_service","name":"mariadb","provider":"provider[\"registry.opentofu.org/hashicorp/kubernetes\"]","instances":[{"schema_version":1,"attributes":{"id":"mariadb/mariadb-service","metadata":[{"annotations":{},"generate_name":"","generation":0,"labels":{},"name":"mariadb-service","namespace":"mariadb","resource_version":"54018","uid":"42865f5f-b06a-4caa-bd1a-f9d43c09b7e5"}],"spec":[{"allocate_load_balancer_node_ports":true,"cluster_ip":"None","cluster_ips":["None"],"external_ips":[],"external_name":"","external_traffic_policy":"","health_check_node_port":0,"internal_traffic_policy":"Cluster","ip_families":["IPv4"],"ip_family_policy":"SingleStack","load_balancer_class":"","load_balancer_ip":"","load_balancer_source_ranges":[],"port":[{"app_protocol":"","name":"","node_port":0,"port":3306,"protocol":"TCP","target_port":"3306"}],"publish_not_ready_addresses":false,"selector":{"app":"mariadb"},"session_affinity":"None","session_affinity_config":[],"type":"ClusterIP"}],"status":[{"load_balancer":[{"ingress":[]}]}],"timeouts":null,"wait_for_load_balancer":true},"sensitive_attributes":[],"private":"eyJlMmJmYjczMC1lY2FhLTExZTYtOGY4OC0zNDM2M2JjN2M0YzAiOnsiY3JlYXRlIjo2MDAwMDAwMDAwMDB9LCJzY2hlbWFfdmVyc2lvbiI6IjEifQ==","dependencies":["kubernetes_namespace.mariadb_ns"]}]},{"mode":"managed","type":"kubernetes_service","name":"nginx_service","provider":"provider[\"registry.opentofu.org/hashicorp/kubernetes\"]","instances":[{"schema_version":1,"attributes":{"id":"nginx/nginx-service","metadata":[{"annotations":{},"generate_name":"","generation":0,"labels":{},"name":"nginx-service","namespace":"nginx","resource_version":"54008","uid":"396629cd-f029-4cb9-b66b-a35d482cdbf1"}],"spec":[{"allocate_load_balancer_node_ports":true,"cluster_ip":"10.111.204.69","cluster_ips":["10.111.204.69"],"external_ips":[],"external_name":"","external_traffic_policy":"","health_check_node_port":0,"internal_traffic_policy":"Cluster","ip_families":["IPv4"],"ip_family_policy":"SingleStack","load_balancer_class":"","load_balancer_ip":"","load_balancer_source_ranges":[],"port":[{"app_protocol":"","name":"","node_port":0,"port":80,"protocol":"TCP","target_port":"80"}],"publish_not_ready_addresses":false,"selector":{"app":"nginx"},"session_affinity":"None","session_affinity_config":[],"type":"ClusterIP"}],"status":[{"load_balancer":[{"ingress":[]}]}],"timeouts":null,"wait_for_load_balancer":true},"sensitive_attributes":[],"private":"eyJlMmJmYjczMC1lY2FhLTExZTYtOGY4OC0zNDM2M2JjN2M0YzAiOnsiY3JlYXRlIjo2MDAwMDAwMDAwMDB9LCJzY2hlbWFfdmVyc2lvbiI6IjEifQ==","dependencies":["kubernetes_namespace.nginx_ns"]}]},{"mode":"managed","type":"kubernetes_service","name":"wordpress","provider":"provider[\"registry.opentofu.org/hashicorp/kubernetes\"]","instances":[{"schema_version":1,"attributes":{"id":"wordpress/wordpress-service","metadata":[{"annotations":{},"generate_name":"","generation":0,"labels":{},"name":"wordpress-service","namespace":"wordpress","resource_version":"54012","uid":"370193a2-bdf3-4006-a707-79fbb845ce6c"}],"spec":[{"allocate_load_balancer_node_ports":true,"cluster_ip":"10.106.17.102","cluster_ips":["10.106.17.102"],"external_ips":[],"external_name":"","external_traffic_policy":"Cluster","health_check_node_port":0,"internal_traffic_policy":"Cluster","ip_families":["IPv4"],"ip_family_policy":"SingleStack","load_balancer_class":"","load_balancer_ip":"","load_balancer_source_ranges":[],"port":[{"app_protocol":"","name":"","node_port":30745,"port":80,"protocol":"TCP","target_port":"80"}],"publish_not_ready_addresses":false,"selector":{"app":"wordpress"},"session_affinity":"None","session_affinity_config":[],"type":"NodePort"}],"status":[{"load_balancer":[{"ingress":[]}]}],"timeouts":null,"wait_for_load_balancer":true},"sensitive_attributes":[],"private":"eyJlMmJmYjczMC1lY2FhLTExZTYtOGY4OC0zNDM2M2JjN2M0YzAiOnsiY3JlYXRlIjo2MDAwMDAwMDAwMDB9LCJzY2hlbWFfdmVyc2lvbiI6IjEifQ==","dependencies":["kubernetes_namespace.wordpress_ns"]}]},{"mode":"managed","type":"kubernetes_service_account","name":"mariadb_sa","provider":"provider[\"registry.opentofu.org/hashicorp/kubernetes\"]","instances":[{"schema_version":0,"attributes":{"automount_service_account_token":true,"default_secret_name":"","id":"mariadb/mariadb-sa","image_pull_secret":[],"metadata":[{"annotations":{},"generate_name":"","generation":0,"labels":{},"name":"mariadb-sa","namespace":"mariadb","resource_version":"54014","uid":"26b33211-02c8-4309-ac97-60a110298691"}],"secret":[],"timeouts":null},"sensitive_attributes":[],"private":"eyJlMmJmYjczMC1lY2FhLTExZTYtOGY4OC0zNDM2M2JjN2M0YzAiOnsiY3JlYXRlIjozMDAwMDAwMDAwMH19","dependencies":["kubernetes_namespace.mariadb_ns"]}]},{"mode":"managed","type":"kubernetes_service_account","name":"nginx_sa","provider":"provider[\"registry.opentofu.org/hashicorp/kubernetes\"]","instances":[{"schema_version":0,"attributes":{"automount_service_account_token":true,"default_secret_name":"","id":"nginx/nginx-sa","image_pull_secret":[],"metadata":[{"annotations":{},"generate_name":"","generation":0,"labels":{},"name":"nginx-sa","namespace":"nginx","resource_version":"54006","uid":"d098ce05-220d-47c4-9587-9948629fde2c"}],"secret":[],"timeouts":null},"sensitive_attributes":[],"private":"eyJlMmJmYjczMC1lY2FhLTExZTYtOGY4OC0zNDM2M2JjN2M0YzAiOnsiY3JlYXRlIjozMDAwMDAwMDAwMH19","dependencies":["kubernetes_namespace.nginx_ns"]}]},{"mode":"managed","type":"kubernetes_service_account","name":"wordpress_sa","provider":"provider[\"registry.opentofu.org/hashicorp/kubernetes\"]","instances":[{"schema_version":0,"attributes":{"automount_service_account_token":true,"default_secret_name":"","id":"wordpress/wordpress-sa","image_pull_secret":[],"metadata":[{"annotations":{},"generate_name":"","generation":0,"labels":{},"name":"wordpress-sa","namespace":"wordpress","resource_version":"54003","uid":"c27562b3-b452-4197-9aea-d0a6d1f42af5"}],"secret":[],"timeouts":null},"sensitive_attributes":[],"private":"eyJlMmJmYjczMC1lY2FhLTExZTYtOGY4OC0zNDM2M2JjN2M0YzAiOnsiY3JlYXRlIjozMDAwMDAwMDAwMH19","dependencies":["kubernetes_namespace.wordpress_ns"]}]}],"check_results":null}
